
Microsoft Visual Studio Solution File, Format Version 12.00
# Visual Studio Version 16
VisualStudioVersion = 16.0.31727.386
MinimumVisualStudioVersion = 10.0.40219.1
Project("{FAE04EC0-301F-11D3-BF4B-00C04F79EFBC}") = "RPFGOAccount", "RPFGOAccount.csproj", "{BA093438-A6DA-469D-89F0-F06B89CF7486}"
EndProject
Global
	GlobalSection(SolutionConfigurationPlatforms) = preSolution
		Debug|Any CPU = Debug|Any CPU
		Release|Any CPU = Release|Any CPU
	EndGlobalSection
	GlobalSection(ProjectConfigurationPlatforms) = postSolution
		{BA093438-A6DA-469D-89F0-F06B89CF7486}.Debug|Any CPU.ActiveCfg = Debug|Any CPU
		{BA093438-A6DA-469D-89F0-F06B89CF7486}.Debug|Any CPU.Build.0 = Debug|Any CPU
		{BA093438-A6DA-469D-89F0-F06B89CF7486}.Release|Any CPU.ActiveCfg = Release|Any CPU
		{BA093438-A6DA-469D-89F0-F06B89CF7486}.Release|Any CPU.Build.0 = Release|Any CPU
	EndGlobalSection
	GlobalSection(SolutionProperties) = preSolution
		HideSolutionNode = FALSE
	EndGlobalSection
	GlobalSection(ExtensibilityGlobals) = postSolution
		SolutionGuid = {E2096655-BD74-4E17-87F4-FCB5DAA4053B}
	EndGlobalSection
EndGlobal
